PODS:
  - Flutter (1.0.0)
  - permission_handler_apple (9.3.0):
    - Flutter
  - sipsdk_flutter (0.2.1):
    - Flutter

DEPENDENCIES:
  - Flutter (from `Flutter`)
  - permission_handler_apple (from `.symlinks/plugins/permission_handler_apple/ios`)
  - sipsdk_flutter (from `.symlinks/plugins/sipsdk_flutter/ios`)

EXTERNAL SOURCES:
  Flutter:
    :path: Flutter
  permission_handler_apple:
    :path: ".symlinks/plugins/permission_handler_apple/ios"
  sipsdk_flutter:
    :path: ".symlinks/plugins/sipsdk_flutter/ios"

SPEC CHECKSUMS:
  Flutter: cabc95a1d2626b1b06e7179b784ebcf0c0cde467
  permission_handler_apple: 4ed2196e43d0651e8ff7ca3483a069d469701f2d
  sipsdk_flutter: 75366faa81a7d7eb84e9e255255d24286a56f57a

PODFILE CHECKSUM: 0bde88f5e7577577596379ec50d193bb1ab44754

COCOAPODS: 1.16.2
